
Microsoft Visual Studio Solution File, Format Version 12.00
# Visual Studio Version 16
VisualStudioVersion = 16.0.31112.23
MinimumVisualStudioVersion = 10.0.40219.1
Project("{FAE04EC0-301F-11D3-BF4B-00C04F79EFBC}") = "EmailApp", "EmailApp\EmailApp.csproj", "{39346BDF-F4ED-4637-A382-EF9EEE180D50}"
EndProject
Project("{FAE04EC0-301F-11D3-BF4B-00C04F79EFBC}") = "EmailService", "EmailService\EmailService.csproj", "{BDE8E72D-5552-4EDC-A8FB-1895DF5575BF}"
EndProject
Global
	GlobalSection(SolutionConfigurationPlatforms) = preSolution
		Debug|Any CPU = Debug|Any CPU
		Release|Any CPU = Release|Any CPU
	EndGlobalSection
	GlobalSection(ProjectConfigurationPlatforms) = postSolution
		{39346BDF-F4ED-4637-A382-EF9EEE180D50}.Debug|Any CPU.ActiveCfg = Debug|Any CPU
		{39346BDF-F4ED-4637-A382-EF9EEE180D50}.Debug|Any CPU.Build.0 = Debug|Any CPU
		{39346BDF-F4ED-4637-A382-EF9EEE180D50}.Release|Any CPU.ActiveCfg = Release|Any CPU
		{39346BDF-F4ED-4637-A382-EF9EEE180D50}.Release|Any CPU.Build.0 = Release|Any CPU
		{BDE8E72D-5552-4EDC-A8FB-1895DF5575BF}.Debug|Any CPU.ActiveCfg = Debug|Any CPU
		{BDE8E72D-5552-4EDC-A8FB-1895DF5575BF}.Debug|Any CPU.Build.0 = Debug|Any CPU
		{BDE8E72D-5552-4EDC-A8FB-1895DF5575BF}.Release|Any CPU.ActiveCfg = Release|Any CPU
		{BDE8E72D-5552-4EDC-A8FB-1895DF5575BF}.Release|Any CPU.Build.0 = Release|Any CPU
	EndGlobalSection
	GlobalSection(SolutionProperties) = preSolution
		HideSolutionNode = FALSE
	EndGlobalSection
	GlobalSection(ExtensibilityGlobals) = postSolution
		SolutionGuid = {C019FDC4-75DB-4BDC-9201-4B69116AA443}
	EndGlobalSection
EndGlobal
